
Microsoft Visual Studio Solution File, Format Version 12.00
# Visual Studio 15
VisualStudioVersion = 15.0.28307.421
MinimumVisualStudioVersion = 10.0.40219.1
Project("{FAE04EC0-301F-11D3-BF4B-00C04F79EFBC}") = "Lab4_1", "Lab4_1\Lab4_1.csproj", "{AB8CB5AA-56B1-40D8-94DD-9914D6288135}"
EndProject
Global
	GlobalSection(SolutionConfigurationPlatforms) = preSolution
		Debug|Any CPU = Debug|Any CPU
		Release|Any CPU = Release|Any CPU
	EndGlobalSection
	GlobalSection(ProjectConfigurationPlatforms) = postSolution
		{AB8CB5AA-56B1-40D8-94DD-9914D6288135}.Debug|Any CPU.ActiveCfg = Debug|Any CPU
		{AB8CB5AA-56B1-40D8-94DD-9914D6288135}.Debug|Any CPU.Build.0 = Debug|Any CPU
		{AB8CB5AA-56B1-40D8-94DD-9914D6288135}.Release|Any CPU.ActiveCfg = Release|Any CPU
		{AB8CB5AA-56B1-40D8-94DD-9914D6288135}.Release|Any CPU.Build.0 = Release|Any CPU
	EndGlobalSection
	GlobalSection(SolutionProperties) = preSolution
		HideSolutionNode = FALSE
	EndGlobalSection
	GlobalSection(ExtensibilityGlobals) = postSolution
		SolutionGuid = {3AB0AE47-B2FB-41B6-AEB2-75173B9A272B}
	EndGlobalSection
EndGlobal
