
Microsoft Visual Studio Solution File, Format Version 12.00
# Visual Studio 15
VisualStudioVersion = 15.0.28307.421
MinimumVisualStudioVersion = 10.0.40219.1
Project("{FAE04EC0-301F-11D3-BF4B-00C04F79EFBC}") = "Lab7_2", "Lab7_2\Lab7_2.csproj", "{9603AAE9-BB1A-436B-9A42-C505767746FF}"
EndProject
Global
	GlobalSection(SolutionConfigurationPlatforms) = preSolution
		Debug|Any CPU = Debug|Any CPU
		Release|Any CPU = Release|Any CPU
	EndGlobalSection
	GlobalSection(ProjectConfigurationPlatforms) = postSolution
		{9603AAE9-BB1A-436B-9A42-C505767746FF}.Debug|Any CPU.ActiveCfg = Debug|Any CPU
		{9603AAE9-BB1A-436B-9A42-C505767746FF}.Debug|Any CPU.Build.0 = Debug|Any CPU
		{9603AAE9-BB1A-436B-9A42-C505767746FF}.Release|Any CPU.ActiveCfg = Release|Any CPU
		{9603AAE9-BB1A-436B-9A42-C505767746FF}.Release|Any CPU.Build.0 = Release|Any CPU
	EndGlobalSection
	GlobalSection(SolutionProperties) = preSolution
		HideSolutionNode = FALSE
	EndGlobalSection
	GlobalSection(ExtensibilityGlobals) = postSolution
		SolutionGuid = {0470E7A4-D115-408E-8F71-32A9C371DCA2}
	EndGlobalSection
EndGlobal
